
Microsoft Visual Studio Solution File, Format Version 12.00
# Visual Studio Version 17
VisualStudioVersion = 17.4.33205.214
MinimumVisualStudioVersion = 10.0.40219.1
Project("{FAE04EC0-301F-11D3-BF4B-00C04F79EFBC}") = "SnakeWFA", "SnakeWFA.csproj", "{89FC1BCC-C227-46C1-AD57-A65332450EA4}"
EndProject
Global
	GlobalSection(SolutionConfigurationPlatforms) = preSolution
		Debug|Any CPU = Debug|Any CPU
		Release|Any CPU = Release|Any CPU
	EndGlobalSection
	GlobalSection(ProjectConfigurationPlatforms) = postSolution
		{89FC1BCC-C227-46C1-AD57-A65332450EA4}.Debug|Any CPU.ActiveCfg = Debug|Any CPU
		{89FC1BCC-C227-46C1-AD57-A65332450EA4}.Debug|Any CPU.Build.0 = Debug|Any CPU
		{89FC1BCC-C227-46C1-AD57-A65332450EA4}.Release|Any CPU.ActiveCfg = Release|Any CPU
		{89FC1BCC-C227-46C1-AD57-A65332450EA4}.Release|Any CPU.Build.0 = Release|Any CPU
	EndGlobalSection
	GlobalSection(SolutionProperties) = preSolution
		HideSolutionNode = FALSE
	EndGlobalSection
	GlobalSection(ExtensibilityGlobals) = postSolution
		SolutionGuid = {7FBDD527-92BC-4942-BD8C-262842A956BA}
	EndGlobalSection
EndGlobal
